
Microsoft Visual Studio Solution File, Format Version 12.00
# Visual Studio Version 17
VisualStudioVersion = 17.3.32819.101
MinimumVisualStudioVersion = 10.0.40219.1
Project("{FAE04EC0-301F-11D3-BF4B-00C04F79EFBC}") = "ContosoUniversity", "ContosoUniversity\ContosoUniversity.csproj", "{681F8203-12A3-401F-A2AF-284B0F0398E6}"
EndProject
Global
	GlobalSection(SolutionConfigurationPlatforms) = preSolution
		Debug|Any CPU = Debug|Any CPU
		Release|Any CPU = Release|Any CPU
	EndGlobalSection
	GlobalSection(ProjectConfigurationPlatforms) = postSolution
		{681F8203-12A3-401F-A2AF-284B0F0398E6}.Debug|Any CPU.ActiveCfg = Debug|Any CPU
		{681F8203-12A3-401F-A2AF-284B0F0398E6}.Debug|Any CPU.Build.0 = Debug|Any CPU
		{681F8203-12A3-401F-A2AF-284B0F0398E6}.Release|Any CPU.ActiveCfg = Release|Any CPU
		{681F8203-12A3-401F-A2AF-284B0F0398E6}.Release|Any CPU.Build.0 = Release|Any CPU
	EndGlobalSection
	GlobalSection(SolutionProperties) = preSolution
		HideSolutionNode = FALSE
	EndGlobalSection
	GlobalSection(ExtensibilityGlobals) = postSolution
		SolutionGuid = {4D2A106C-744F-4441-817F-AE9D4C8E1E5A}
	EndGlobalSection
EndGlobal
